// !$*UTF8*$!
{
	archiveVersion = 1;
	classes = {
	};
	objectVersion = 77;
	objects = {

/* Begin PBXBuildFile section */
		111EB0DE2D39EEE6002C4532 /* Kingfisher in Frameworks */ = {isa = PBXBuildFile; productRef = 111EB0DD2D39EEE6002C4532 /* Kingfisher */; };
		111EB0E12D39EEF3002C4532 /* Then in Frameworks */ = {isa = PBXBuildFile; productRef = 111EB0E02D39EEF3002C4532 /* Then */; };
		111EB0E42D39EEFD002C4532 /* SnapKit in Frameworks */ = {isa = PBXBuildFile; productRef = 111EB0E32D39EEFD002C4532 /* SnapKit */; };
		111EB0E72D39EF0B002C4532 /* Alamofire in Frameworks */ = {isa = PBXBuildFile; productRef = 111EB0E62D39EF0B002C4532 /* Alamofire */; };
		111EB0F02D39EF32002C4532 /* Assets.xcassets in Resources */ = {isa = PBXBuildFile; fileRef = 111EB0E92D39EF32002C4532 /* Assets.xcassets */; };
		111EB0F22D39EF32002C4532 /* LaunchScreen.storyboard in Resources */ = {isa = PBXBuildFile; fileRef = 111EB0EC2D39EF32002C4532 /* LaunchScreen.storyboard */; };
		111EB0F32D39EF32002C4532 /* AppDelegate.swift in Sources */ = {isa = PBXBuildFile; fileRef = 111EB0E82D39EF32002C4532 /* AppDelegate.swift */; };
		111EB0F42D39EF32002C4532 /* SceneDelegate.swift in Sources */ = {isa = PBXBuildFile; fileRef = 111EB0ED2D39EF32002C4532 /* SceneDelegate.swift */; };
		111EB0F52D39EF32002C4532 /* ViewController.swift in Sources */ = {isa = PBXBuildFile; fileRef = 111EB0EE2D39EF32002C4532 /* ViewController.swift */; };
		111EB1032D3BEDEC002C4532 /* BaseViewController.swift in Sources */ = {isa = PBXBuildFile; fileRef = 111EB1022D3BEDE0002C4532 /* BaseViewController.swift */; };
		111EB1052D3BEE84002C4532 /* ColorFilterButton.swift in Sources */ = {isa = PBXBuildFile; fileRef = 111EB1042D3BEE83002C4532 /* ColorFilterButton.swift */; };
		111EB1072D3BF1DC002C4532 /* BaseCollectionView.swift in Sources */ = {isa = PBXBuildFile; fileRef = 111EB1062D3BF1D6002C4532 /* BaseCollectionView.swift */; };
		111EB10C2D3BF513002C4532 /* TopicViewController.swift in Sources */ = {isa = PBXBuildFile; fileRef = 111EB10B2D3BF50D002C4532 /* TopicViewController.swift */; };
		111EB10E2D3BF582002C4532 /* SearchViewController.swift in Sources */ = {isa = PBXBuildFile; fileRef = 111EB10D2D3BF578002C4532 /* SearchViewController.swift */; };
		111EB1172D3C0D5E002C4532 /* UIViewController+.swift in Sources */ = {isa = PBXBuildFile; fileRef = 111EB1162D3C0D55002C4532 /* UIViewController+.swift */; };
		111EB1192D3C1BB7002C4532 /* UIColor+.swift in Sources */ = {isa = PBXBuildFile; fileRef = 111EB1182D3C1BB5002C4532 /* UIColor+.swift */; };
		111EB11D2D3C25E8002C4532 /* ResultCollectionView.swift in Sources */ = {isa = PBXBuildFile; fileRef = 111EB11C2D3C25DF002C4532 /* ResultCollectionView.swift */; };
		111EB1242D3C2683002C4532 /* Photo.swift in Sources */ = {isa = PBXBuildFile; fileRef = 111EB1232D3C2682002C4532 /* Photo.swift */; };
		111EB1262D3C26D9002C4532 /* Urls.swift in Sources */ = {isa = PBXBuildFile; fileRef = 111EB1252D3C26D6002C4532 /* Urls.swift */; };
		111EB1282D3C26DF002C4532 /* APIKeys.swift in Sources */ = {isa = PBXBuildFile; fileRef = 111EB1272D3C26DC002C4532 /* APIKeys.swift */; };
		111EB12A2D3C3362002C4532 /* NetworkService.swift in Sources */ = {isa = PBXBuildFile; fileRef = 111EB1292D3C335D002C4532 /* NetworkService.swift */; };
		1165BBFF2D3FC3190075279F /* NumberFormatManager.swift in Sources */ = {isa = PBXBuildFile; fileRef = 1165BBFE2D3FC3110075279F /* NumberFormatManager.swift */; };
		1165BC012D3FD3880075279F /* TopicView.swift in Sources */ = {isa = PBXBuildFile; fileRef = 1165BC002D3FD3840075279F /* TopicView.swift */; };
		1165BC032D3FD5930075279F /* UIView+.swift in Sources */ = {isa = PBXBuildFile; fileRef = 1165BC022D3FD58F0075279F /* UIView+.swift */; };
		1165BC062D3FDFD90075279F /* BaseView.swift in Sources */ = {isa = PBXBuildFile; fileRef = 1165BC052D3FDFD60075279F /* BaseView.swift */; };
		1165BC082D3FE0960075279F /* SearchView.swift in Sources */ = {isa = PBXBuildFile; fileRef = 1165BC072D3FE0930075279F /* SearchView.swift */; };
		1165BC0A2D3FEE070075279F /* PhotoDetailView.swift in Sources */ = {isa = PBXBuildFile; fileRef = 1165BC092D3FEE000075279F /* PhotoDetailView.swift */; };
		116CE5A12D42599100C2D137 /* ProfileViewController.swift in Sources */ = {isa = PBXBuildFile; fileRef = 116CE59F2D42599100C2D137 /* ProfileViewController.swift */; };
		116CE5A22D42599100C2D137 /* OnboardingViewController.swift in Sources */ = {isa = PBXBuildFile; fileRef = 116CE59E2D42599100C2D137 /* OnboardingViewController.swift */; };
		116CE5A32D42599100C2D137 /* BirthdayViewController.swift in Sources */ = {isa = PBXBuildFile; fileRef = 116CE59B2D42599100C2D137 /* BirthdayViewController.swift */; };
		116CE5A42D42599100C2D137 /* LevelViewController.swift in Sources */ = {isa = PBXBuildFile; fileRef = 116CE59C2D42599100C2D137 /* LevelViewController.swift */; };
		116CE5A52D42599100C2D137 /* NicknameViewController.swift in Sources */ = {isa = PBXBuildFile; fileRef = 116CE59D2D42599100C2D137 /* NicknameViewController.swift */; };
		116CE5A72D425CF700C2D137 /* UserDefaultsManager.swift in Sources */ = {isa = PBXBuildFile; fileRef = 116CE5A62D425CEE00C2D137 /* UserDefaultsManager.swift */; };
		11BF4C882D3CED4A00A1F027 /* BaseCollectionViewCell.swift in Sources */ = {isa = PBXBuildFile; fileRef = 11BF4C872D3CED4300A1F027 /* BaseCollectionViewCell.swift */; };
		11BF4C8A2D3CEF5800A1F027 /* TopicCollectionView.swift in Sources */ = {isa = PBXBuildFile; fileRef = 11BF4C892D3CEF4F00A1F027 /* TopicCollectionView.swift */; };
		11BF4C8F2D3D053600A1F027 /* PhotoDetailViewController.swift in Sources */ = {isa = PBXBuildFile; fileRef = 11BF4C8E2D3D052C00A1F027 /* PhotoDetailViewController.swift */; };
		11BF4C912D3D066C00A1F027 /* PhotoDetail.swift in Sources */ = {isa = PBXBuildFile; fileRef = 11BF4C902D3D066700A1F027 /* PhotoDetail.swift */; };
		11BF4C972D3DC79400A1F027 /* DateManager.swift in Sources */ = {isa = PBXBuildFile; fileRef = 11BF4C962D3DC78C00A1F027 /* DateManager.swift */; };
/* End PBXBuildFile section */

/* Begin PBXFileReference section */
		111EB0C42D39EE2C002C4532 /* PhotoSearchPractice.app */ = {isa = PBXFileReference; explicitFileType = wrapper.application; includeInIndex = 0; path = PhotoSearchPractice.app; sourceTree = BUILT_PRODUCTS_DIR; };
		111EB0E82D39EF32002C4532 /* AppDelegate.swift */ = {isa = PBXFileReference; lastKnownFileType = sourcecode.swift; path = AppDelegate.swift; sourceTree = "<group>"; };
		111EB0E92D39EF32002C4532 /* Assets.xcassets */ = {isa = PBXFileReference; lastKnownFileType = folder.assetcatalog; path = Assets.xcassets; sourceTree = "<group>"; };
		111EB0EA2D39EF32002C4532 /* Info.plist */ = {isa = PBXFileReference; lastKnownFileType = text.plist.xml; path = Info.plist; sourceTree = "<group>"; };
		111EB0EB2D39EF32002C4532 /* Base */ = {isa = PBXFileReference; lastKnownFileType = file.storyboard; name = Base; path = Base.lproj/LaunchScreen.storyboard; sourceTree = "<group>"; };
		111EB0ED2D39EF32002C4532 /* SceneDelegate.swift */ = {isa = PBXFileReference; lastKnownFileType = sourcecode.swift; path = SceneDelegate.swift; sourceTree = "<group>"; };
		111EB0EE2D39EF32002C4532 /* ViewController.swift */ = {isa = PBXFileReference; lastKnownFileType = sourcecode.swift; path = ViewController.swift; sourceTree = "<group>"; };
		111EB0FC2D39EFEC002C4532 /* .gitignore */ = {isa = PBXFileReference; lastKnownFileType = text; path = .gitignore; sourceTree = "<group>"; };
		111EB1022D3BEDE0002C4532 /* BaseViewController.swift */ = {isa = PBXFileReference; lastKnownFileType = sourcecode.swift; path = BaseViewController.swift; sourceTree = "<group>"; };
		111EB1042D3BEE83002C4532 /* ColorFilterButton.swift */ = {isa = PBXFileReference; lastKnownFileType = sourcecode.swift; path = ColorFilterButton.swift; sourceTree = "<group>"; };
		111EB1062D3BF1D6002C4532 /* BaseCollectionView.swift */ = {isa = PBXFileReference; lastKnownFileType = sourcecode.swift; path = BaseCollectionView.swift; sourceTree = "<group>"; };
		111EB10B2D3BF50D002C4532 /* TopicViewController.swift */ = {isa = PBXFileReference; lastKnownFileType = sourcecode.swift; path = TopicViewController.swift; sourceTree = "<group>"; };
		111EB10D2D3BF578002C4532 /* SearchViewController.swift */ = {isa = PBXFileReference; lastKnownFileType = sourcecode.swift; path = SearchViewController.swift; sourceTree = "<group>"; };
		111EB1162D3C0D55002C4532 /* UIViewController+.swift */ = {isa = PBXFileReference; lastKnownFileType = sourcecode.swift; path = "UIViewController+.swift"; sourceTree = "<group>"; };
		111EB1182D3C1BB5002C4532 /* UIColor+.swift */ = {isa = PBXFileReference; lastKnownFileType = sourcecode.swift; path = "UIColor+.swift"; sourceTree = "<group>"; };
		111EB11C2D3C25DF002C4532 /* ResultCollectionView.swift */ = {isa = PBXFileReference; lastKnownFileType = sourcecode.swift; path = ResultCollectionView.swift; sourceTree = "<group>"; };
		111EB1232D3C2682002C4532 /* Photo.swift */ = {isa = PBXFileReference; lastKnownFileType = sourcecode.swift; path = Photo.swift; sourceTree = "<group>"; };
		111EB1252D3C26D6002C4532 /* Urls.swift */ = {isa = PBXFileReference; lastKnownFileType = sourcecode.swift; path = Urls.swift; sourceTree = "<group>"; };
		111EB1272D3C26DC002C4532 /* APIKeys.swift */ = {isa = PBXFileReference; lastKnownFileType = sourcecode.swift; path = APIKeys.swift; sourceTree = "<group>"; };
		111EB1292D3C335D002C4532 /* NetworkService.swift */ = {isa = PBXFileReference; lastKnownFileType = sourcecode.swift; path = NetworkService.swift; sourceTree = "<group>"; };
		1165BBFE2D3FC3110075279F /* NumberFormatManager.swift */ = {isa = PBXFileReference; lastKnownFileType = sourcecode.swift; path = NumberFormatManager.swift; sourceTree = "<group>"; };
		1165BC002D3FD3840075279F /* TopicView.swift */ = {isa = PBXFileReference; lastKnownFileType = sourcecode.swift; path = TopicView.swift; sourceTree = "<group>"; };
		1165BC022D3FD58F0075279F /* UIView+.swift */ = {isa = PBXFileReference; lastKnownFileType = sourcecode.swift; path = "UIView+.swift"; sourceTree = "<group>"; };
		1165BC052D3FDFD60075279F /* BaseView.swift */ = {isa = PBXFileReference; lastKnownFileType = sourcecode.swift; path = BaseView.swift; sourceTree = "<group>"; };
		1165BC072D3FE0930075279F /* SearchView.swift */ = {isa = PBXFileReference; lastKnownFileType = sourcecode.swift; path = SearchView.swift; sourceTree = "<group>"; };
		1165BC092D3FEE000075279F /* PhotoDetailView.swift */ = {isa = PBXFileReference; lastKnownFileType = sourcecode.swift; path = PhotoDetailView.swift; sourceTree = "<group>"; };
		116CE59B2D42599100C2D137 /* BirthdayViewController.swift */ = {isa = PBXFileReference; lastKnownFileType = sourcecode.swift; path = BirthdayViewController.swift; sourceTree = "<group>"; };
		116CE59C2D42599100C2D137 /* LevelViewController.swift */ = {isa = PBXFileReference; lastKnownFileType = sourcecode.swift; path = LevelViewController.swift; sourceTree = "<group>"; };
		116CE59D2D42599100C2D137 /* NicknameViewController.swift */ = {isa = PBXFileReference; lastKnownFileType = sourcecode.swift; path = NicknameViewController.swift; sourceTree = "<group>"; };
		116CE59E2D42599100C2D137 /* OnboardingViewController.swift */ = {isa = PBXFileReference; lastKnownFileType = sourcecode.swift; path = OnboardingViewController.swift; sourceTree = "<group>"; };
		116CE59F2D42599100C2D137 /* ProfileViewController.swift */ = {isa = PBXFileReference; lastKnownFileType = sourcecode.swift; path = ProfileViewController.swift; sourceTree = "<group>"; };
		116CE5A62D425CEE00C2D137 /* UserDefaultsManager.swift */ = {isa = PBXFileReference; lastKnownFileType = sourcecode.swift; path = UserDefaultsManager.swift; sourceTree = "<group>"; };
		11BF4C872D3CED4300A1F027 /* BaseCollectionViewCell.swift */ = {isa = PBXFileReference; lastKnownFileType = sourcecode.swift; path = BaseCollectionViewCell.swift; sourceTree = "<group>"; };
		11BF4C892D3CEF4F00A1F027 /* TopicCollectionView.swift */ = {isa = PBXFileReference; lastKnownFileType = sourcecode.swift; path = TopicCollectionView.swift; sourceTree = "<group>"; };
		11BF4C8E2D3D052C00A1F027 /* PhotoDetailViewController.swift */ = {isa = PBXFileReference; lastKnownFileType = sourcecode.swift; path = PhotoDetailViewController.swift; sourceTree = "<group>"; };
		11BF4C902D3D066700A1F027 /* PhotoDetail.swift */ = {isa = PBXFileReference; lastKnownFileType = sourcecode.swift; path = PhotoDetail.swift; sourceTree = "<group>"; };
		11BF4C962D3DC78C00A1F027 /* DateManager.swift */ = {isa = PBXFileReference; lastKnownFileType = sourcecode.swift; path = DateManager.swift; sourceTree = "<group>"; };
/* End PBXFileReference section */

/* Begin PBXFrameworksBuildPhase section */
		111EB0C12D39EE2C002C4532 /* Frameworks */ = {
			isa = PBXFrameworksBuildPhase;
			buildActionMask = 2147483647;
			files = (
				111EB0E42D39EEFD002C4532 /* SnapKit in Frameworks */,
				111EB0E72D39EF0B002C4532 /* Alamofire in Frameworks */,
				111EB0DE2D39EEE6002C4532 /* Kingfisher in Frameworks */,
				111EB0E12D39EEF3002C4532 /* Then in Frameworks */,
			);
			runOnlyForDeploymentPostprocessing = 0;
		};
/* End PBXFrameworksBuildPhase section */

/* Begin PBXGroup section */
		111EB0BB2D39EE2C002C4532 = {
			isa = PBXGroup;
			children = (
				111EB0FC2D39EFEC002C4532 /* .gitignore */,
				111EB0EF2D39EF32002C4532 /* PhotoSearchPractice */,
				111EB0C52D39EE2C002C4532 /* Products */,
			);
			sourceTree = "<group>";
		};
		111EB0C52D39EE2C002C4532 /* Products */ = {
			isa = PBXGroup;
			children = (
				111EB0C42D39EE2C002C4532 /* PhotoSearchPractice.app */,
			);
			name = Products;
			sourceTree = "<group>";
		};
		111EB0EF2D39EF32002C4532 /* PhotoSearchPractice */ = {
			isa = PBXGroup;
			children = (
				11BF4C952D3DC77D00A1F027 /* Utility */,
				111EB1202D3C2663002C4532 /* Model */,
				111EB0FB2D39EF84002C4532 /* Network */,
				111EB0FA2D39EF6D002C4532 /* Extension */,
				111EB0F92D39EF5C002C4532 /* Interface */,
				111EB0F82D39EF52002C4532 /* Base */,
				111EB0F72D39EF49002C4532 /* Presentation */,
				111EB0F62D39EF34002C4532 /* App */,
				111EB0E92D39EF32002C4532 /* Assets.xcassets */,
				111EB0EA2D39EF32002C4532 /* Info.plist */,
				111EB0EC2D39EF32002C4532 /* LaunchScreen.storyboard */,
			);
			path = PhotoSearchPractice;
			sourceTree = "<group>";
		};
		111EB0F62D39EF34002C4532 /* App */ = {
			isa = PBXGroup;
			children = (
				111EB0E82D39EF32002C4532 /* AppDelegate.swift */,
				111EB0ED2D39EF32002C4532 /* SceneDelegate.swift */,
			);
			path = App;
			sourceTree = "<group>";
		};
		111EB0F72D39EF49002C4532 /* Presentation */ = {
			isa = PBXGroup;
			children = (
				111EB1082D3BF4BF002C4532 /* Tabbar */,
				116CE5A02D42599100C2D137 /* Profile */,
				11BF4C8D2D3D052300A1F027 /* PhotoDetail */,
				111EB1092D3BF4E5002C4532 /* Topic */,
				111EB10A2D3BF4F6002C4532 /* Search */,
			);
			path = Presentation;
			sourceTree = "<group>";
		};
		111EB0F82D39EF52002C4532 /* Base */ = {
			isa = PBXGroup;
			children = (
				1165BC052D3FDFD60075279F /* BaseView.swift */,
				11BF4C872D3CED4300A1F027 /* BaseCollectionViewCell.swift */,
				111EB1062D3BF1D6002C4532 /* BaseCollectionView.swift */,
				111EB1042D3BEE83002C4532 /* ColorFilterButton.swift */,
				111EB1022D3BEDE0002C4532 /* BaseViewController.swift */,
			);
			path = Base;
			sourceTree = "<group>";
		};
		111EB0F92D39EF5C002C4532 /* Interface */ = {
			isa = PBXGroup;
			children = (
			);
			path = Interface;
			sourceTree = "<group>";
		};
		111EB0FA2D39EF6D002C4532 /* Extension */ = {
			isa = PBXGroup;
			children = (
				1165BC022D3FD58F0075279F /* UIView+.swift */,
				111EB1182D3C1BB5002C4532 /* UIColor+.swift */,
				111EB1162D3C0D55002C4532 /* UIViewController+.swift */,
			);
			path = Extension;
			sourceTree = "<group>";
		};
		111EB0FB2D39EF84002C4532 /* Network */ = {
			isa = PBXGroup;
			children = (
				111EB1292D3C335D002C4532 /* NetworkService.swift */,
				111EB1272D3C26DC002C4532 /* APIKeys.swift */,
				111EB1252D3C26D6002C4532 /* Urls.swift */,
			);
			path = Network;
			sourceTree = "<group>";
		};
		111EB1082D3BF4BF002C4532 /* Tabbar */ = {
			isa = PBXGroup;
			children = (
				111EB0EE2D39EF32002C4532 /* ViewController.swift */,
			);
			path = Tabbar;
			sourceTree = "<group>";
		};
		111EB1092D3BF4E5002C4532 /* Topic */ = {
			isa = PBXGroup;
			children = (
				1165BC002D3FD3840075279F /* TopicView.swift */,
				11BF4C892D3CEF4F00A1F027 /* TopicCollectionView.swift */,
				111EB10B2D3BF50D002C4532 /* TopicViewController.swift */,
			);
			path = Topic;
			sourceTree = "<group>";
		};
		111EB10A2D3BF4F6002C4532 /* Search */ = {
			isa = PBXGroup;
			children = (
				1165BC072D3FE0930075279F /* SearchView.swift */,
				111EB11C2D3C25DF002C4532 /* ResultCollectionView.swift */,
				111EB10D2D3BF578002C4532 /* SearchViewController.swift */,
			);
			path = Search;
			sourceTree = "<group>";
		};
		111EB1202D3C2663002C4532 /* Model */ = {
			isa = PBXGroup;
			children = (
				11BF4C902D3D066700A1F027 /* PhotoDetail.swift */,
				111EB1232D3C2682002C4532 /* Photo.swift */,
			);
			path = Model;
			sourceTree = "<group>";
		};
		116CE5A02D42599100C2D137 /* Profile */ = {
			isa = PBXGroup;
			children = (
				116CE59B2D42599100C2D137 /* BirthdayViewController.swift */,
				116CE59C2D42599100C2D137 /* LevelViewController.swift */,
				116CE59D2D42599100C2D137 /* NicknameViewController.swift */,
				116CE59E2D42599100C2D137 /* OnboardingViewController.swift */,
				116CE59F2D42599100C2D137 /* ProfileViewController.swift */,
			);
			path = Profile;
			sourceTree = "<group>";
		};
		11BF4C8D2D3D052300A1F027 /* PhotoDetail */ = {
			isa = PBXGroup;
			children = (
				1165BC092D3FEE000075279F /* PhotoDetailView.swift */,
				11BF4C8E2D3D052C00A1F027 /* PhotoDetailViewController.swift */,
			);
			path = PhotoDetail;
			sourceTree = "<group>";
		};
		11BF4C952D3DC77D00A1F027 /* Utility */ = {
			isa = PBXGroup;
			children = (
				116CE5A62D425CEE00C2D137 /* UserDefaultsManager.swift */,
				1165BBFE2D3FC3110075279F /* NumberFormatManager.swift */,
				11BF4C962D3DC78C00A1F027 /* DateManager.swift */,
			);
			path = Utility;
			sourceTree = "<group>";
		};
/* End PBXGroup section */

/* Begin PBXNativeTarget section */
		111EB0C32D39EE2C002C4532 /* PhotoSearchPractice */ = {
			isa = PBXNativeTarget;
			buildConfigurationList = 111EB0D72D39EE2E002C4532 /* Build configuration list for PBXNativeTarget "PhotoSearchPractice" */;
			buildPhases = (
				111EB0C02D39EE2C002C4532 /* Sources */,
				111EB0C12D39EE2C002C4532 /* Frameworks */,
				111EB0C22D39EE2C002C4532 /* Resources */,
			);
			buildRules = (
			);
			dependencies = (
			);
			name = PhotoSearchPractice;
			packageProductDependencies = (
				111EB0DD2D39EEE6002C4532 /* Kingfisher */,
				111EB0E02D39EEF3002C4532 /* Then */,
				111EB0E32D39EEFD002C4532 /* SnapKit */,
				111EB0E62D39EF0B002C4532 /* Alamofire */,
			);
			productName = PhotoSearchPractice;
			productReference = 111EB0C42D39EE2C002C4532 /* PhotoSearchPractice.app */;
			productType = "com.apple.product-type.application";
		};
/* End PBXNativeTarget section */

/* Begin PBXProject section */
		111EB0BC2D39EE2C002C4532 /* Project object */ = {
			isa = PBXProject;
			attributes = {
				BuildIndependentTargetsInParallel = 1;
				LastSwiftUpdateCheck = 1620;
				LastUpgradeCheck = 1620;
				TargetAttributes = {
					111EB0C32D39EE2C002C4532 = {
						CreatedOnToolsVersion = 16.2;
					};
				};
			};
			buildConfigurationList = 111EB0BF2D39EE2C002C4532 /* Build configuration list for PBXProject "PhotoSearchPractice" */;
			developmentRegion = en;
			hasScannedForEncodings = 0;
			knownRegions = (
				en,
				Base,
			);
			mainGroup = 111EB0BB2D39EE2C002C4532;
			minimizedProjectReferenceProxies = 1;
			packageReferences = (
				111EB0DC2D39EEE6002C4532 /* XCRemoteSwiftPackageReference "Kingfisher" */,
				111EB0DF2D39EEF3002C4532 /* XCRemoteSwiftPackageReference "Then" */,
				111EB0E22D39EEFD002C4532 /* XCRemoteSwiftPackageReference "SnapKit" */,
				111EB0E52D39EF0B002C4532 /* XCRemoteSwiftPackageReference "Alamofire" */,
			);
			preferredProjectObjectVersion = 77;
			productRefGroup = 111EB0C52D39EE2C002C4532 /* Products */;
			projectDirPath = "";
			projectRoot = "";
			targets = (
				111EB0C32D39EE2C002C4532 /* PhotoSearchPractice */,
			);
		};
/* End PBXProject section */

/* Begin PBXResourcesBuildPhase section */
		111EB0C22D39EE2C002C4532 /* Resources */ = {
			isa = PBXResourcesBuildPhase;
			buildActionMask = 2147483647;
			files = (
				111EB0F02D39EF32002C4532 /* Assets.xcassets in Resources */,
				111EB0F22D39EF32002C4532 /* LaunchScreen.storyboard in Resources */,
			);
			runOnlyForDeploymentPostprocessing = 0;
		};
/* End PBXResourcesBuildPhase section */

/* Begin PBXSourcesBuildPhase section */
		111EB0C02D39EE2C002C4532 /* Sources */ = {
			isa = PBXSourcesBuildPhase;
			buildActionMask = 2147483647;
			files = (
				111EB0F32D39EF32002C4532 /* AppDelegate.swift in Sources */,
				111EB1052D3BEE84002C4532 /* ColorFilterButton.swift in Sources */,
				111EB1172D3C0D5E002C4532 /* UIViewController+.swift in Sources */,
				111EB11D2D3C25E8002C4532 /* ResultCollectionView.swift in Sources */,
				111EB10E2D3BF582002C4532 /* SearchViewController.swift in Sources */,
				111EB1262D3C26D9002C4532 /* Urls.swift in Sources */,
				116CE5A72D425CF700C2D137 /* UserDefaultsManager.swift in Sources */,
				111EB1282D3C26DF002C4532 /* APIKeys.swift in Sources */,
				11BF4C972D3DC79400A1F027 /* DateManager.swift in Sources */,
				11BF4C882D3CED4A00A1F027 /* BaseCollectionViewCell.swift in Sources */,
				11BF4C8A2D3CEF5800A1F027 /* TopicCollectionView.swift in Sources */,
				111EB1192D3C1BB7002C4532 /* UIColor+.swift in Sources */,
				111EB1242D3C2683002C4532 /* Photo.swift in Sources */,
				1165BC032D3FD5930075279F /* UIView+.swift in Sources */,
				11BF4C912D3D066C00A1F027 /* PhotoDetail.swift in Sources */,
				111EB1032D3BEDEC002C4532 /* BaseViewController.swift in Sources */,
				1165BC082D3FE0960075279F /* SearchView.swift in Sources */,
				1165BC062D3FDFD90075279F /* BaseView.swift in Sources */,
				111EB12A2D3C3362002C4532 /* NetworkService.swift in Sources */,
				1165BC0A2D3FEE070075279F /* PhotoDetailView.swift in Sources */,
				111EB0F42D39EF32002C4532 /* SceneDelegate.swift in Sources */,
				111EB0F52D39EF32002C4532 /* ViewController.swift in Sources */,
				111EB1072D3BF1DC002C4532 /* BaseCollectionView.swift in Sources */,
				11BF4C8F2D3D053600A1F027 /* PhotoDetailViewController.swift in Sources */,
				116CE5A12D42599100C2D137 /* ProfileViewController.swift in Sources */,
				116CE5A22D42599100C2D137 /* OnboardingViewController.swift in Sources */,
				116CE5A32D42599100C2D137 /* BirthdayViewController.swift in Sources */,
				116CE5A42D42599100C2D137 /* LevelViewController.swift in Sources */,
				116CE5A52D42599100C2D137 /* NicknameViewController.swift in Sources */,
				111EB10C2D3BF513002C4532 /* TopicViewController.swift in Sources */,
				1165BC012D3FD3880075279F /* TopicView.swift in Sources */,
				1165BBFF2D3FC3190075279F /* NumberFormatManager.swift in Sources */,
			);
			runOnlyForDeploymentPostprocessing = 0;
		};
/* End PBXSourcesBuildPhase section */

/* Begin PBXVariantGroup section */
		111EB0EC2D39EF32002C4532 /* LaunchScreen.storyboard */ = {
			isa = PBXVariantGroup;
			children = (
				111EB0EB2D39EF32002C4532 /* Base */,
			);
			name = LaunchScreen.storyboard;
			sourceTree = "<group>";
		};
/* End PBXVariantGroup section */

/* Begin XCBuildConfiguration section */
		111EB0D82D39EE2E002C4532 /* Debug */ = {
			isa = XCBuildConfiguration;
			buildSettings = {
				ASSETCATALOG_COMPILER_APPICON_NAME = AppIcon;
				ASSETCATALOG_COMPILER_GLOBAL_ACCENT_COLOR_NAME = AccentColor;
				CODE_SIGN_STYLE = Automatic;
				CURRENT_PROJECT_VERSION = 1;
				DEVELOPMENT_TEAM = W43DLLFB4Q;
				GENERATE_INFOPLIST_FILE = YES;
				INFOPLIST_FILE = PhotoSearchPractice/Info.plist;
				INFOPLIST_KEY_CFBundleDisplayName = "온플래시";
				INFOPLIST_KEY_UIApplicationSupportsIndirectInputEvents = YES;
				INFOPLIST_KEY_UILaunchStoryboardName = LaunchScreen;
				INFOPLIST_KEY_UISupportedInterfaceOrientations = UIInterfaceOrientationPortrait;
				INFOPLIST_KEY_UISupportedInterfaceOrientations_iPad = "UIInterfaceOrientationLandscapeLeft UIInterfaceOrientationLandscapeRight UIInterfaceOrientationPortrait UIInterfaceOrientationPortraitUpsideDown";
				LD_RUNPATH_SEARCH_PATHS = (
					"$(inherited)",
					"@executable_path/Frameworks",
				);
				MARKETING_VERSION = 1.0;
				PRODUCT_BUNDLE_IDENTIFIER = com.sean.SeSAC.Assignment.PhotoSearchPractice;
				PRODUCT_NAME = "$(TARGET_NAME)";
				SUPPORTED_PLATFORMS = "iphoneos iphonesimulator";
				SUPPORTS_MACCATALYST = NO;
				SUPPORTS_MAC_DESIGNED_FOR_IPHONE_IPAD = NO;
				SUPPORTS_XR_DESIGNED_FOR_IPHONE_IPAD = NO;
				SWIFT_EMIT_LOC_STRINGS = YES;
				SWIFT_VERSION = 5.0;
				TARGETED_DEVICE_FAMILY = 1;
			};
			name = Debug;
		};
		111EB0D92D39EE2E002C4532 /* Release */ = {
			isa = XCBuildConfiguration;
			buildSettings = {
				ASSETCATALOG_COMPILER_APPICON_NAME = AppIcon;
				ASSETCATALOG_COMPILER_GLOBAL_ACCENT_COLOR_NAME = AccentColor;
				CODE_SIGN_STYLE = Automatic;
				CURRENT_PROJECT_VERSION = 1;
				DEVELOPMENT_TEAM = W43DLLFB4Q;
				GENERATE_INFOPLIST_FILE = YES;
				INFOPLIST_FILE = PhotoSearchPractice/Info.plist;
				INFOPLIST_KEY_CFBundleDisplayName = "온플래시";
				INFOPLIST_KEY_UIApplicationSupportsIndirectInputEvents = YES;
				INFOPLIST_KEY_UILaunchStoryboardName = LaunchScreen;
				INFOPLIST_KEY_UISupportedInterfaceOrientations = UIInterfaceOrientationPortrait;
				INFOPLIST_KEY_UISupportedInterfaceOrientations_iPad = "UIInterfaceOrientationLandscapeLeft UIInterfaceOrientationLandscapeRight UIInterfaceOrientationPortrait UIInterfaceOrientationPortraitUpsideDown";
				LD_RUNPATH_SEARCH_PATHS = (
					"$(inherited)",
					"@executable_path/Frameworks",
				);
				MARKETING_VERSION = 1.0;
				PRODUCT_BUNDLE_IDENTIFIER = com.sean.SeSAC.Assignment.PhotoSearchPractice;
				PRODUCT_NAME = "$(TARGET_NAME)";
				SUPPORTED_PLATFORMS = "iphoneos iphonesimulator";
				SUPPORTS_MACCATALYST = NO;
				SUPPORTS_MAC_DESIGNED_FOR_IPHONE_IPAD = NO;
				SUPPORTS_XR_DESIGNED_FOR_IPHONE_IPAD = NO;
				SWIFT_EMIT_LOC_STRINGS = YES;
				SWIFT_VERSION = 5.0;
				TARGETED_DEVICE_FAMILY = 1;
			};
			name = Release;
		};
		111EB0DA2D39EE2E002C4532 /* Debug */ = {
			isa = XCBuildConfiguration;
			buildSettings = {
				ALWAYS_SEARCH_USER_PATHS = NO;
				ASSETCATALOG_COMPILER_GENERATE_SWIFT_ASSET_SYMBOL_EXTENSIONS = YES;
				CLANG_ANALYZER_NONNULL = YES;
				CLANG_ANALYZER_NUMBER_OBJECT_CONVERSION = YES_AGGRESSIVE;
				CLANG_CXX_LANGUAGE_STANDARD = "gnu++20";
				CLANG_ENABLE_MODULES = YES;
				CLANG_ENABLE_OBJC_ARC = YES;
				CLANG_ENABLE_OBJC_WEAK = YES;
				CLANG_WARN_BLOCK_CAPTURE_AUTORELEASING = YES;
				CLANG_WARN_BOOL_CONVERSION = YES;
				CLANG_WARN_COMMA = YES;
				CLANG_WARN_CONSTANT_CONVERSION = YES;
				CLANG_WARN_DEPRECATED_OBJC_IMPLEMENTATIONS = YES;
				CLANG_WARN_DIRECT_OBJC_ISA_USAGE = YES_ERROR;
				CLANG_WARN_DOCUMENTATION_COMMENTS = YES;
				CLANG_WARN_EMPTY_BODY = YES;
				CLANG_WARN_ENUM_CONVERSION = YES;
				CLANG_WARN_INFINITE_RECURSION = YES;
				CLANG_WARN_INT_CONVERSION = YES;
				CLANG_WARN_NON_LITERAL_NULL_CONVERSION = YES;
				CLANG_WARN_OBJC_IMPLICIT_RETAIN_SELF = YES;
				CLANG_WARN_OBJC_LITERAL_CONVERSION = YES;
				CLANG_WARN_OBJC_ROOT_CLASS = YES_ERROR;
				CLANG_WARN_QUOTED_INCLUDE_IN_FRAMEWORK_HEADER = YES;
				CLANG_WARN_RANGE_LOOP_ANALYSIS = YES;
				CLANG_WARN_STRICT_PROTOTYPES = YES;
				CLANG_WARN_SUSPICIOUS_MOVE = YES;
				CLANG_WARN_UNGUARDED_AVAILABILITY = YES_AGGRESSIVE;
				CLANG_WARN_UNREACHABLE_CODE = YES;
				CLANG_WARN__DUPLICATE_METHOD_MATCH = YES;
				COPY_PHASE_STRIP = NO;
				DEBUG_INFORMATION_FORMAT = dwarf;
				ENABLE_STRICT_OBJC_MSGSEND = YES;
				ENABLE_TESTABILITY = YES;
				ENABLE_USER_SCRIPT_SANDBOXING = YES;
				GCC_C_LANGUAGE_STANDARD = gnu17;
				GCC_DYNAMIC_NO_PIC = NO;
				GCC_NO_COMMON_BLOCKS = YES;
				GCC_OPTIMIZATION_LEVEL = 0;
				GCC_PREPROCESSOR_DEFINITIONS = (
					"DEBUG=1",
					"$(inherited)",
				);
				GCC_WARN_64_TO_32_BIT_CONVERSION = YES;
				GCC_WARN_ABOUT_RETURN_TYPE = YES_ERROR;
				GCC_WARN_UNDECLARED_SELECTOR = YES;
				GCC_WARN_UNINITIALIZED_AUTOS = YES_AGGRESSIVE;
				GCC_WARN_UNUSED_FUNCTION = YES;
				GCC_WARN_UNUSED_VARIABLE = YES;
				IPHONEOS_DEPLOYMENT_TARGET = 18.2;
				LOCALIZATION_PREFERS_STRING_CATALOGS = YES;
				MTL_ENABLE_DEBUG_INFO = INCLUDE_SOURCE;
				MTL_FAST_MATH = YES;
				ONLY_ACTIVE_ARCH = YES;
				SDKROOT = iphoneos;
				SWIFT_ACTIVE_COMPILATION_CONDITIONS = "DEBUG $(inherited)";
				SWIFT_OPTIMIZATION_LEVEL = "-Onone";
			};
			name = Debug;
		};
		111EB0DB2D39EE2E002C4532 /* Release */ = {
			isa = XCBuildConfiguration;
			buildSettings = {
				ALWAYS_SEARCH_USER_PATHS = NO;
				ASSETCATALOG_COMPILER_GENERATE_SWIFT_ASSET_SYMBOL_EXTENSIONS = YES;
				CLANG_ANALYZER_NONNULL = YES;
				CLANG_ANALYZER_NUMBER_OBJECT_CONVERSION = YES_AGGRESSIVE;
				CLANG_CXX_LANGUAGE_STANDARD = "gnu++20";
				CLANG_ENABLE_MODULES = YES;
				CLANG_ENABLE_OBJC_ARC = YES;
				CLANG_ENABLE_OBJC_WEAK = YES;
				CLANG_WARN_BLOCK_CAPTURE_AUTORELEASING = YES;
				CLANG_WARN_BOOL_CONVERSION = YES;
				CLANG_WARN_COMMA = YES;
				CLANG_WARN_CONSTANT_CONVERSION = YES;
				CLANG_WARN_DEPRECATED_OBJC_IMPLEMENTATIONS = YES;
				CLANG_WARN_DIRECT_OBJC_ISA_USAGE = YES_ERROR;
				CLANG_WARN_DOCUMENTATION_COMMENTS = YES;
				CLANG_WARN_EMPTY_BODY = YES;
				CLANG_WARN_ENUM_CONVERSION = YES;
				CLANG_WARN_INFINITE_RECURSION = YES;
				CLANG_WARN_INT_CONVERSION = YES;
				CLANG_WARN_NON_LITERAL_NULL_CONVERSION = YES;
				CLANG_WARN_OBJC_IMPLICIT_RETAIN_SELF = YES;
				CLANG_WARN_OBJC_LITERAL_CONVERSION = YES;
				CLANG_WARN_OBJC_ROOT_CLASS = YES_ERROR;
				CLANG_WARN_QUOTED_INCLUDE_IN_FRAMEWORK_HEADER = YES;
				CLANG_WARN_RANGE_LOOP_ANALYSIS = YES;
				CLANG_WARN_STRICT_PROTOTYPES = YES;
				CLANG_WARN_SUSPICIOUS_MOVE = YES;
				CLANG_WARN_UNGUARDED_AVAILABILITY = YES_AGGRESSIVE;
				CLANG_WARN_UNREACHABLE_CODE = YES;
				CLANG_WARN__DUPLICATE_METHOD_MATCH = YES;
				COPY_PHASE_STRIP = NO;
				DEBUG_INFORMATION_FORMAT = "dwarf-with-dsym";
				ENABLE_NS_ASSERTIONS = NO;
				ENABLE_STRICT_OBJC_MSGSEND = YES;
				ENABLE_USER_SCRIPT_SANDBOXING = YES;
				GCC_C_LANGUAGE_STANDARD = gnu17;
				GCC_NO_COMMON_BLOCKS = YES;
				GCC_WARN_64_TO_32_BIT_CONVERSION = YES;
				GCC_WARN_ABOUT_RETURN_TYPE = YES_ERROR;
				GCC_WARN_UNDECLARED_SELECTOR = YES;
				GCC_WARN_UNINITIALIZED_AUTOS = YES_AGGRESSIVE;
				GCC_WARN_UNUSED_FUNCTION = YES;
				GCC_WARN_UNUSED_VARIABLE = YES;
				IPHONEOS_DEPLOYMENT_TARGET = 18.2;
				LOCALIZATION_PREFERS_STRING_CATALOGS = YES;
				MTL_ENABLE_DEBUG_INFO = NO;
				MTL_FAST_MATH = YES;
				SDKROOT = iphoneos;
				SWIFT_COMPILATION_MODE = wholemodule;
				VALIDATE_PRODUCT = YES;
			};
			name = Release;
		};
/* End XCBuildConfiguration section */

/* Begin XCConfigurationList section */
		111EB0BF2D39EE2C002C4532 /* Build configuration list for PBXProject "PhotoSearchPractice" */ = {
			isa = XCConfigurationList;
			buildConfigurations = (
				111EB0DA2D39EE2E002C4532 /* Debug */,
				111EB0DB2D39EE2E002C4532 /* Release */,
			);
			defaultConfigurationIsVisible = 0;
			defaultConfigurationName = Release;
		};
		111EB0D72D39EE2E002C4532 /* Build configuration list for PBXNativeTarget "PhotoSearchPractice" */ = {
			isa = XCConfigurationList;
			buildConfigurations = (
				111EB0D82D39EE2E002C4532 /* Debug */,
				111EB0D92D39EE2E002C4532 /* Release */,
			);
			defaultConfigurationIsVisible = 0;
			defaultConfigurationName = Release;
		};
/* End XCConfigurationList section */

/* Begin XCRemoteSwiftPackageReference section */
		111EB0DC2D39EEE6002C4532 /* XCRemoteSwiftPackageReference "Kingfisher" */ = {
			isa = XCRemoteSwiftPackageReference;
			repositoryURL = "https://github.com/onevcat/Kingfisher";
			requirement = {
				kind = upToNextMajorVersion;
				minimumVersion = 8.1.3;
			};
		};
		111EB0DF2D39EEF3002C4532 /* XCRemoteSwiftPackageReference "Then" */ = {
			isa = XCRemoteSwiftPackageReference;
			repositoryURL = "https://github.com/devxoul/Then";
			requirement = {
				kind = upToNextMajorVersion;
				minimumVersion = 3.0.0;
			};
		};
		111EB0E22D39EEFD002C4532 /* XCRemoteSwiftPackageReference "SnapKit" */ = {
			isa = XCRemoteSwiftPackageReference;
			repositoryURL = "https://github.com/SnapKit/SnapKit";
			requirement = {
				kind = upToNextMajorVersion;
				minimumVersion = 5.7.1;
			};
		};
		111EB0E52D39EF0B002C4532 /* XCRemoteSwiftPackageReference "Alamofire" */ = {
			isa = XCRemoteSwiftPackageReference;
			repositoryURL = "https://github.com/Alamofire/Alamofire";
			requirement = {
				kind = upToNextMajorVersion;
				minimumVersion = 5.10.2;
			};
		};
/* End XCRemoteSwiftPackageReference section */

/* Begin XCSwiftPackageProductDependency section */
		111EB0DD2D39EEE6002C4532 /* Kingfisher */ = {
			isa = XCSwiftPackageProductDependency;
			package = 111EB0DC2D39EEE6002C4532 /* XCRemoteSwiftPackageReference "Kingfisher" */;
			productName = Kingfisher;
		};
		111EB0E02D39EEF3002C4532 /* Then */ = {
			isa = XCSwiftPackageProductDependency;
			package = 111EB0DF2D39EEF3002C4532 /* XCRemoteSwiftPackageReference "Then" */;
			productName = Then;
		};
		111EB0E32D39EEFD002C4532 /* SnapKit */ = {
			isa = XCSwiftPackageProductDependency;
			package = 111EB0E22D39EEFD002C4532 /* XCRemoteSwiftPackageReference "SnapKit" */;
			productName = SnapKit;
		};
		111EB0E62D39EF0B002C4532 /* Alamofire */ = {
			isa = XCSwiftPackageProductDependency;
			package = 111EB0E52D39EF0B002C4532 /* XCRemoteSwiftPackageReference "Alamofire" */;
			productName = Alamofire;
		};
/* End XCSwiftPackageProductDependency section */
	};
	rootObject = 111EB0BC2D39EE2C002C4532 /* Project object */;
}
